
Microsoft Visual Studio Solution File, Format Version 11.00
# Visual Studio 2010
Project("{FAE04EC0-301F-11D3-BF4B-00C04F79EFBC}") = "Assembly-CSharp", "Assembly-CSharp.csproj", "{e6f66a0b-7e7a-e337-0572-007d84b0bbd1}"
EndProject
Project("{FAE04EC0-301F-11D3-BF4B-00C04F79EFBC}") = "Assembly-CSharp-Editor", "Assembly-CSharp-Editor.csproj", "{238def5f-b713-04b1-9d4a-110e14af5508}"
EndProject
Global
	GlobalSection(SolutionConfigurationPlatforms) = preSolution
		Debug|Any CPU = Debug|Any CPU
	EndGlobalSection
	GlobalSection(ProjectConfigurationPlatforms) = postSolution
		{e6f66a0b-7e7a-e337-0572-007d84b0bbd1}.Debug|Any CPU.ActiveCfg = Debug|Any CPU
		{e6f66a0b-7e7a-e337-0572-007d84b0bbd1}.Debug|Any CPU.Build.0 = Debug|Any CPU
		{238def5f-b713-04b1-9d4a-110e14af5508}.Debug|Any CPU.ActiveCfg = Debug|Any CPU
		{238def5f-b713-04b1-9d4a-110e14af5508}.Debug|Any CPU.Build.0 = Debug|Any CPU
	EndGlobalSection
	GlobalSection(SolutionProperties) = preSolution
		HideSolutionNode = FALSE
	EndGlobalSection
EndGlobal
